
Microsoft Visual Studio Solution File, Format Version 12.00
# Visual Studio Version 17
VisualStudioVersion = 17.0.31903.59
MinimumVisualStudioVersion = 10.0.40219.1
Project("{FAE04EC0-301F-11D3-BF4B-00C04F79EFBC}") = "sematecCC.WebUI", "CardNumberGenerator.WebUI\sematecCC.WebUI.csproj", "{37A0D79F-50EC-4587-910E-B717EC2965EE}"
EndProject
Project("{FAE04EC0-301F-11D3-BF4B-00C04F79EFBC}") = "sematecCC.Core", "CardNoGenerator.Core\sematecCC.Core.csproj", "{1C3257FD-52EB-474F-8E8C-98E4B5A4DDB7}"
EndProject
Project("{FAE04EC0-301F-11D3-BF4B-00C04F79EFBC}") = "sematecCC.Infra", "CardNoGenerator.Infra\sematecCC.Infra.csproj", "{4B9C07E4-56F7-4F37-91BD-7935F380FDA2}"
EndProject
Global
	GlobalSection(SolutionConfigurationPlatforms) = preSolution
		Debug|Any CPU = Debug|Any CPU
		Release|Any CPU = Release|Any CPU
	EndGlobalSection
	GlobalSection(ProjectConfigurationPlatforms) = postSolution
		{37A0D79F-50EC-4587-910E-B717EC2965EE}.Debug|Any CPU.ActiveCfg = Debug|Any CPU
		{37A0D79F-50EC-4587-910E-B717EC2965EE}.Debug|Any CPU.Build.0 = Debug|Any CPU
		{37A0D79F-50EC-4587-910E-B717EC2965EE}.Release|Any CPU.ActiveCfg = Release|Any CPU
		{37A0D79F-50EC-4587-910E-B717EC2965EE}.Release|Any CPU.Build.0 = Release|Any CPU
		{1C3257FD-52EB-474F-8E8C-98E4B5A4DDB7}.Debug|Any CPU.ActiveCfg = Debug|Any CPU
		{1C3257FD-52EB-474F-8E8C-98E4B5A4DDB7}.Debug|Any CPU.Build.0 = Debug|Any CPU
		{1C3257FD-52EB-474F-8E8C-98E4B5A4DDB7}.Release|Any CPU.ActiveCfg = Release|Any CPU
		{1C3257FD-52EB-474F-8E8C-98E4B5A4DDB7}.Release|Any CPU.Build.0 = Release|Any CPU
		{4B9C07E4-56F7-4F37-91BD-7935F380FDA2}.Debug|Any CPU.ActiveCfg = Debug|Any CPU
		{4B9C07E4-56F7-4F37-91BD-7935F380FDA2}.Debug|Any CPU.Build.0 = Debug|Any CPU
		{4B9C07E4-56F7-4F37-91BD-7935F380FDA2}.Release|Any CPU.ActiveCfg = Release|Any CPU
		{4B9C07E4-56F7-4F37-91BD-7935F380FDA2}.Release|Any CPU.Build.0 = Release|Any CPU
	EndGlobalSection
	GlobalSection(SolutionProperties) = preSolution
		HideSolutionNode = FALSE
	EndGlobalSection
	GlobalSection(ExtensibilityGlobals) = postSolution
		SolutionGuid = {EE3FD7E5-12FE-450A-A368-EB46B90E8062}
	EndGlobalSection
EndGlobal
